// !$*UTF8*$!
{
	archiveVersion = 1;
	classes = {
	};
	objectVersion = 48;
	objects = {

/* Begin PBXBuildFile section */
		4C1B608820DBCE7500F70758 /* AppDelegate.swift in Sources */ = {isa = PBXBuildFile; fileRef = 4C1B608720DBCE7500F70758 /* AppDelegate.swift */; };
		4C1B608D20DBCE7500F70758 /* Main.storyboard in Resources */ = {isa = PBXBuildFile; fileRef = 4C1B608B20DBCE7500F70758 /* Main.storyboard */; };
		4C1B608F20DBCE7500F70758 /* Assets.xcassets in Resources */ = {isa = PBXBuildFile; fileRef = 4C1B608E20DBCE7500F70758 /* Assets.xcassets */; };
		4C1B609220DBCE7500F70758 /* LaunchScreen.storyboard in Resources */ = {isa = PBXBuildFile; fileRef = 4C1B609020DBCE7500F70758 /* LaunchScreen.storyboard */; };
		4C1B609B20DBCE8A00F70758 /* MapKit.framework in Frameworks */ = {isa = PBXBuildFile; fileRef = 4C1B609A20DBCE8A00F70758 /* MapKit.framework */; };
		4C1B609D20DBCECA00F70758 /* MyTableViewController.swift in Sources */ = {isa = PBXBuildFile; fileRef = 4C1B609C20DBCECA00F70758 /* MyTableViewController.swift */; };
		4C1B609F20DBD0D700F70758 /* MyTableViewCell.swift in Sources */ = {isa = PBXBuildFile; fileRef = 4C1B609E20DBD0D700F70758 /* MyTableViewCell.swift */; };
		4C1B60A120DBD24000F70758 /* DetailViewController.swift in Sources */ = {isa = PBXBuildFile; fileRef = 4C1B60A020DBD24000F70758 /* DetailViewController.swift */; };
		4C1B60A320DBD3F400F70758 /* TotalViewController.swift in Sources */ = {isa = PBXBuildFile; fileRef = 4C1B60A220DBD3F400F70758 /* TotalViewController.swift */; };
/* End PBXBuildFile section */

/* Begin PBXFileReference section */
		4C1B608420DBCE7500F70758 /* plist.app */ = {isa = PBXFileReference; explicitFileType = wrapper.application; includeInIndex = 0; path = plist.app; sourceTree = BUILT_PRODUCTS_DIR; };
		4C1B608720DBCE7500F70758 /* AppDelegate.swift */ = {isa = PBXFileReference; lastKnownFileType = sourcecode.swift; path = AppDelegate.swift; sourceTree = "<group>"; };
		4C1B608C20DBCE7500F70758 /* Base */ = {isa = PBXFileReference; lastKnownFileType = file.storyboard; name = Base; path = Base.lproj/Main.storyboard; sourceTree = "<group>"; };
		4C1B608E20DBCE7500F70758 /* Assets.xcassets */ = {isa = PBXFileReference; lastKnownFileType = folder.assetcatalog; path = Assets.xcassets; sourceTree = "<group>"; };
		4C1B609120DBCE7500F70758 /* Base */ = {isa = PBXFileReference; lastKnownFileType = file.storyboard; name = Base; path = Base.lproj/LaunchScreen.storyboard; sourceTree = "<group>"; };
		4C1B609320DBCE7500F70758 /* Info.plist */ = {isa = PBXFileReference; lastKnownFileType = text.plist.xml; path = Info.plist; sourceTree = "<group>"; };
		4C1B609A20DBCE8A00F70758 /* MapKit.framework */ = {isa = PBXFileReference; lastKnownFileType = wrapper.framework; name = MapKit.framework; path = System/Library/Frameworks/MapKit.framework; sourceTree = SDKROOT; };
		4C1B609C20DBCECA00F70758 /* MyTableViewController.swift */ = {isa = PBXFileReference; lastKnownFileType = sourcecode.swift; path = MyTableViewController.swift; sourceTree = "<group>"; };
		4C1B609E20DBD0D700F70758 /* MyTableViewCell.swift */ = {isa = PBXFileReference; lastKnownFileType = sourcecode.swift; path = MyTableViewCell.swift; sourceTree = "<group>"; };
		4C1B60A020DBD24000F70758 /* DetailViewController.swift */ = {isa = PBXFileReference; lastKnownFileType = sourcecode.swift; path = DetailViewController.swift; sourceTree = "<group>"; };
		4C1B60A220DBD3F400F70758 /* TotalViewController.swift */ = {isa = PBXFileReference; lastKnownFileType = sourcecode.swift; path = TotalViewController.swift; sourceTree = "<group>"; };
/* End PBXFileReference section */

/* Begin PBXFrameworksBuildPhase section */
		4C1B608120DBCE7500F70758 /* Frameworks */ = {
			isa = PBXFrameworksBuildPhase;
			buildActionMask = 2147483647;
			files = (
				4C1B609B20DBCE8A00F70758 /* MapKit.framework in Frameworks */,
			);
			runOnlyForDeploymentPostprocessing = 0;
		};
/* End PBXFrameworksBuildPhase section */

/* Begin PBXGroup section */
		4C1B607B20DBCE7500F70758 = {
			isa = PBXGroup;
			children = (
				4C1B608620DBCE7500F70758 /* plist */,
				4C1B608520DBCE7500F70758 /* Products */,
				4C1B609920DBCE8A00F70758 /* Frameworks */,
			);
			sourceTree = "<group>";
		};
		4C1B608520DBCE7500F70758 /* Products */ = {
			isa = PBXGroup;
			children = (
				4C1B608420DBCE7500F70758 /* plist.app */,
			);
			name = Products;
			sourceTree = "<group>";
		};
		4C1B608620DBCE7500F70758 /* plist */ = {
			isa = PBXGroup;
			children = (
				4C1B609C20DBCECA00F70758 /* MyTableViewController.swift */,
				4C1B609E20DBD0D700F70758 /* MyTableViewCell.swift */,
				4C1B608720DBCE7500F70758 /* AppDelegate.swift */,
				4C1B608B20DBCE7500F70758 /* Main.storyboard */,
				4C1B60A220DBD3F400F70758 /* TotalViewController.swift */,
				4C1B60A020DBD24000F70758 /* DetailViewController.swift */,
				4C1B608E20DBCE7500F70758 /* Assets.xcassets */,
				4C1B609020DBCE7500F70758 /* LaunchScreen.storyboard */,
				4C1B609320DBCE7500F70758 /* Info.plist */,
			);
			path = plist;
			sourceTree = "<group>";
		};
		4C1B609920DBCE8A00F70758 /* Frameworks */ = {
			isa = PBXGroup;
			children = (
				4C1B609A20DBCE8A00F70758 /* MapKit.framework */,
			);
			name = Frameworks;
			sourceTree = "<group>";
		};
/* End PBXGroup section */

/* Begin PBXNativeTarget section */
		4C1B608320DBCE7500F70758 /* plist */ = {
			isa = PBXNativeTarget;
			buildConfigurationList = 4C1B609620DBCE7500F70758 /* Build configuration list for PBXNativeTarget "plist" */;
			buildPhases = (
				4C1B608020DBCE7500F70758 /* Sources */,
				4C1B608120DBCE7500F70758 /* Frameworks */,
				4C1B608220DBCE7500F70758 /* Resources */,
			);
			buildRules = (
			);
			dependencies = (
			);
			name = plist;
			productName = plist;
			productReference = 4C1B608420DBCE7500F70758 /* plist.app */;
			productType = "com.apple.product-type.application";
		};
/* End PBXNativeTarget section */

/* Begin PBXProject section */
		4C1B607C20DBCE7500F70758 /* Project object */ = {
			isa = PBXProject;
			attributes = {
				LastSwiftUpdateCheck = 0920;
				LastUpgradeCheck = 0920;
				ORGANIZATIONNAME = IceArrow;
				TargetAttributes = {
					4C1B608320DBCE7500F70758 = {
						CreatedOnToolsVersion = 9.2;
						ProvisioningStyle = Automatic;
					};
				};
			};
			buildConfigurationList = 4C1B607F20DBCE7500F70758 /* Build configuration list for PBXProject "plist" */;
			compatibilityVersion = "Xcode 8.0";
			developmentRegion = en;
			hasScannedForEncodings = 0;
			knownRegions = (
				en,
				Base,
			);
			mainGroup = 4C1B607B20DBCE7500F70758;
			productRefGroup = 4C1B608520DBCE7500F70758 /* Products */;
			projectDirPath = "";
			projectRoot = "";
			targets = (
				4C1B608320DBCE7500F70758 /* plist */,
			);
		};
/* End PBXProject section */

/* Begin PBXResourcesBuildPhase section */
		4C1B608220DBCE7500F70758 /* Resources */ = {
			isa = PBXResourcesBuildPhase;
			buildActionMask = 2147483647;
			files = (
				4C1B609220DBCE7500F70758 /* LaunchScreen.storyboard in Resources */,
				4C1B608F20DBCE7500F70758 /* Assets.xcassets in Resources */,
				4C1B608D20DBCE7500F70758 /* Main.storyboard in Resources */,
			);
			runOnlyForDeploymentPostprocessing = 0;
		};
/* End PBXResourcesBuildPhase section */

/* Begin PBXSourcesBuildPhase section */
		4C1B608020DBCE7500F70758 /* Sources */ = {
			isa = PBXSourcesBuildPhase;
			buildActionMask = 2147483647;
			files = (
				4C1B608820DBCE7500F70758 /* AppDelegate.swift in Sources */,
				4C1B609D20DBCECA00F70758 /* MyTableViewController.swift in Sources */,
				4C1B609F20DBD0D700F70758 /* MyTableViewCell.swift in Sources */,
				4C1B60A320DBD3F400F70758 /* TotalViewController.swift in Sources */,
				4C1B60A120DBD24000F70758 /* DetailViewController.swift in Sources */,
			);
			runOnlyForDeploymentPostprocessing = 0;
		};
/* End PBXSourcesBuildPhase section */

/* Begin PBXVariantGroup section */
		4C1B608B20DBCE7500F70758 /* Main.storyboard */ = {
			isa = PBXVariantGroup;
			children = (
				4C1B608C20DBCE7500F70758 /* Base */,
			);
			name = Main.storyboard;
			sourceTree = "<group>";
		};
		4C1B609020DBCE7500F70758 /* LaunchScreen.storyboard */ = {
			isa = PBXVariantGroup;
			children = (
				4C1B609120DBCE7500F70758 /* Base */,
			);
			name = LaunchScreen.storyboard;
			sourceTree = "<group>";
		};
/* End PBXVariantGroup section */

/* Begin XCBuildConfiguration section */
		4C1B609420DBCE7500F70758 /* Debug */ = {
			isa = XCBuildConfiguration;
			buildSettings = {
				ALWAYS_SEARCH_USER_PATHS = NO;
				CLANG_ANALYZER_NONNULL = YES;
				CLANG_ANALYZER_NUMBER_OBJECT_CONVERSION = YES_AGGRESSIVE;
				CLANG_CXX_LANGUAGE_STANDARD = "gnu++14";
				CLANG_CXX_LIBRARY = "libc++";
				CLANG_ENABLE_MODULES = YES;
				CLANG_ENABLE_OBJC_ARC = YES;
				CLANG_WARN_BLOCK_CAPTURE_AUTORELEASING = YES;
				CLANG_WARN_BOOL_CONVERSION = YES;
				CLANG_WARN_COMMA = YES;
				CLANG_WARN_CONSTANT_CONVERSION = YES;
				CLANG_WARN_DIRECT_OBJC_ISA_USAGE = YES_ERROR;
				CLANG_WARN_DOCUMENTATION_COMMENTS = YES;
				CLANG_WARN_EMPTY_BODY = YES;
				CLANG_WARN_ENUM_CONVERSION = YES;
				CLANG_WARN_INFINITE_RECURSION = YES;
				CLANG_WARN_INT_CONVERSION = YES;
				CLANG_WARN_NON_LITERAL_NULL_CONVERSION = YES;
				CLANG_WARN_OBJC_LITERAL_CONVERSION = YES;
				CLANG_WARN_OBJC_ROOT_CLASS = YES_ERROR;
				CLANG_WARN_RANGE_LOOP_ANALYSIS = YES;
				CLANG_WARN_STRICT_PROTOTYPES = YES;
				CLANG_WARN_SUSPICIOUS_MOVE = YES;
				CLANG_WARN_UNGUARDED_AVAILABILITY = YES_AGGRESSIVE;
				CLANG_WARN_UNREACHABLE_CODE = YES;
				CLANG_WARN__DUPLICATE_METHOD_MATCH = YES;
				CODE_SIGN_IDENTITY = "iPhone Developer";
				COPY_PHASE_STRIP = NO;
				DEBUG_INFORMATION_FORMAT = dwarf;
				ENABLE_STRICT_OBJC_MSGSEND = YES;
				ENABLE_TESTABILITY = YES;
				GCC_C_LANGUAGE_STANDARD = gnu11;
				GCC_DYNAMIC_NO_PIC = NO;
				GCC_NO_COMMON_BLOCKS = YES;
				GCC_OPTIMIZATION_LEVEL = 0;
				GCC_PREPROCESSOR_DEFINITIONS = (
					"DEBUG=1",
					"$(inherited)",
				);
				GCC_WARN_64_TO_32_BIT_CONVERSION = YES;
				GCC_WARN_ABOUT_RETURN_TYPE = YES_ERROR;
				GCC_WARN_UNDECLARED_SELECTOR = YES;
				GCC_WARN_UNINITIALIZED_AUTOS = YES_AGGRESSIVE;
				GCC_WARN_UNUSED_FUNCTION = YES;
				GCC_WARN_UNUSED_VARIABLE = YES;
				IPHONEOS_DEPLOYMENT_TARGET = 11.2;
				MTL_ENABLE_DEBUG_INFO = YES;
				ONLY_ACTIVE_ARCH = YES;
				SDKROOT = iphoneos;
				SWIFT_ACTIVE_COMPILATION_CONDITIONS = DEBUG;
				SWIFT_OPTIMIZATION_LEVEL = "-Onone";
			};
			name = Debug;
		};
		4C1B609520DBCE7500F70758 /* Release */ = {
			isa = XCBuildConfiguration;
			buildSettings = {
				ALWAYS_SEARCH_USER_PATHS = NO;
				CLANG_ANALYZER_NONNULL = YES;
				CLANG_ANALYZER_NUMBER_OBJECT_CONVERSION = YES_AGGRESSIVE;
				CLANG_CXX_LANGUAGE_STANDARD = "gnu++14";
				CLANG_CXX_LIBRARY = "libc++";
				CLANG_ENABLE_MODULES = YES;
				CLANG_ENABLE_OBJC_ARC = YES;
				CLANG_WARN_BLOCK_CAPTURE_AUTORELEASING = YES;
				CLANG_WARN_BOOL_CONVERSION = YES;
				CLANG_WARN_COMMA = YES;
				CLANG_WARN_CONSTANT_CONVERSION = YES;
				CLANG_WARN_DIRECT_OBJC_ISA_USAGE = YES_ERROR;
				CLANG_WARN_DOCUMENTATION_COMMENTS = YES;
				CLANG_WARN_EMPTY_BODY = YES;
				CLANG_WARN_ENUM_CONVERSION = YES;
				CLANG_WARN_INFINITE_RECURSION = YES;
				CLANG_WARN_INT_CONVERSION = YES;
				CLANG_WARN_NON_LITERAL_NULL_CONVERSION = YES;
				CLANG_WARN_OBJC_LITERAL_CONVERSION = YES;
				CLANG_WARN_OBJC_ROOT_CLASS = YES_ERROR;
				CLANG_WARN_RANGE_LOOP_ANALYSIS = YES;
				CLANG_WARN_STRICT_PROTOTYPES = YES;
				CLANG_WARN_SUSPICIOUS_MOVE = YES;
				CLANG_WARN_UNGUARDED_AVAILABILITY = YES_AGGRESSIVE;
				CLANG_WARN_UNREACHABLE_CODE = YES;
				CLANG_WARN__DUPLICATE_METHOD_MATCH = YES;
				CODE_SIGN_IDENTITY = "iPhone Developer";
				COPY_PHASE_STRIP = NO;
				DEBUG_INFORMATION_FORMAT = "dwarf-with-dsym";
				ENABLE_NS_ASSERTIONS = NO;
				ENABLE_STRICT_OBJC_MSGSEND = YES;
				GCC_C_LANGUAGE_STANDARD = gnu11;
				GCC_NO_COMMON_BLOCKS = YES;
				GCC_WARN_64_TO_32_BIT_CONVERSION = YES;
				GCC_WARN_ABOUT_RETURN_TYPE = YES_ERROR;
				GCC_WARN_UNDECLARED_SELECTOR = YES;
				GCC_WARN_UNINITIALIZED_AUTOS = YES_AGGRESSIVE;
				GCC_WARN_UNUSED_FUNCTION = YES;
				GCC_WARN_UNUSED_VARIABLE = YES;
				IPHONEOS_DEPLOYMENT_TARGET = 11.2;
				MTL_ENABLE_DEBUG_INFO = NO;
				SDKROOT = iphoneos;
				SWIFT_OPTIMIZATION_LEVEL = "-Owholemodule";
				VALIDATE_PRODUCT = YES;
			};
			name = Release;
		};
		4C1B609720DBCE7500F70758 /* Debug */ = {
			isa = XCBuildConfiguration;
			buildSettings = {
				ASSETCATALOG_COMPILER_APPICON_NAME = AppIcon;
				CODE_SIGN_STYLE = Automatic;
				INFOPLIST_FILE = plist/Info.plist;
				LD_RUNPATH_SEARCH_PATHS = "$(inherited) @executable_path/Frameworks";
				PRODUCT_BUNDLE_IDENTIFIER = ViaArcher.IceArrow.plist;
				PRODUCT_NAME = "$(TARGET_NAME)";
				SWIFT_VERSION = 4.0;
				TARGETED_DEVICE_FAMILY = "1,2";
			};
			name = Debug;
		};
		4C1B609820DBCE7500F70758 /* Release */ = {
			isa = XCBuildConfiguration;
			buildSettings = {
				ASSETCATALOG_COMPILER_APPICON_NAME = AppIcon;
				CODE_SIGN_STYLE = Automatic;
				INFOPLIST_FILE = plist/Info.plist;
				LD_RUNPATH_SEARCH_PATHS = "$(inherited) @executable_path/Frameworks";
				PRODUCT_BUNDLE_IDENTIFIER = ViaArcher.IceArrow.plist;
				PRODUCT_NAME = "$(TARGET_NAME)";
				SWIFT_VERSION = 4.0;
				TARGETED_DEVICE_FAMILY = "1,2";
			};
			name = Release;
		};
/* End XCBuildConfiguration section */

/* Begin XCConfigurationList section */
		4C1B607F20DBCE7500F70758 /* Build configuration list for PBXProject "plist" */ = {
			isa = XCConfigurationList;
			buildConfigurations = (
				4C1B609420DBCE7500F70758 /* Debug */,
				4C1B609520DBCE7500F70758 /* Release */,
			);
			defaultConfigurationIsVisible = 0;
			defaultConfigurationName = Release;
		};
		4C1B609620DBCE7500F70758 /* Build configuration list for PBXNativeTarget "plist" */ = {
			isa = XCConfigurationList;
			buildConfigurations = (
				4C1B609720DBCE7500F70758 /* Debug */,
				4C1B609820DBCE7500F70758 /* Release */,
			);
			defaultConfigurationIsVisible = 0;
			defaultConfigurationName = Release;
		};
/* End XCConfigurationList section */
	};
	rootObject = 4C1B607C20DBCE7500F70758 /* Project object */;
}
